
Microsoft Visual Studio Solution File, Format Version 12.00
# Visual Studio Version 16
VisualStudioVersion = 16.0.31321.278
MinimumVisualStudioVersion = 10.0.40219.1
Project("{FAE04EC0-301F-11D3-BF4B-00C04F79EFBC}") = "DockerConsole", "DockerConsole\DockerConsole.csproj", "{5FF722BE-509D-4CB0-B8C8-E5311CAF8C6C}"
EndProject
Global
	GlobalSection(SolutionConfigurationPlatforms) = preSolution
		Debug|Any CPU = Debug|Any CPU
		Release|Any CPU = Release|Any CPU
	EndGlobalSection
	GlobalSection(ProjectConfigurationPlatforms) = postSolution
		{5FF722BE-509D-4CB0-B8C8-E5311CAF8C6C}.Debug|Any CPU.ActiveCfg = Debug|Any CPU
		{5FF722BE-509D-4CB0-B8C8-E5311CAF8C6C}.Debug|Any CPU.Build.0 = Debug|Any CPU
		{5FF722BE-509D-4CB0-B8C8-E5311CAF8C6C}.Release|Any CPU.ActiveCfg = Release|Any CPU
		{5FF722BE-509D-4CB0-B8C8-E5311CAF8C6C}.Release|Any CPU.Build.0 = Release|Any CPU
	EndGlobalSection
	GlobalSection(SolutionProperties) = preSolution
		HideSolutionNode = FALSE
	EndGlobalSection
	GlobalSection(ExtensibilityGlobals) = postSolution
		SolutionGuid = {74296126-507D-4DB2-811B-4034998044EB}
	EndGlobalSection
EndGlobal
